{
  "R": {
    "Version": "4.3.2",
    "Repositories": [
      {
        "Name": "CRAN",
        "URL": "https://packagemanager.posit.co/cran/latest"
      }
    ]
  },
  "Packages": {
    "furrr": {
      "Package": "furrr",
      "Version": "0.3.1",
      "Source": "Repository"
    },
    "officer": {
      "Package": "officer",
      "Version": "0.6.6",
      "Source": "Repository"
    },
    "renv": {
      "Package": "renv",
      "Version": "1.0.1",
      "Source": "Repository",
      "Repository": "RSPM",
      "Requirements": [
        "utils"
      ],
      "Hash": "6523639dd021b32c3199a41cbe6db340"
    },
    "styler": {
      "Package": "styler",
      "Version": "1.10.3",
      "Source": "Repository"
    },
    "tidylog": {
      "Package": "tidylog",
      "Version": "1.0.2",
      "Source": "Repository"
    },
    "usethis": {
      "Package": "usethis",
      "Version": "2.2.3",
      "Source": "Repository"
    },
    "vusa": {
      "Package": "vusa",
      "Version": "0.0.0.9000",
      "Source": "GitHub",
      "RemoteType": "github",
      "RemoteHost": "api.github.com",
      "RemoteUsername": "vusaverse",
      "RemoteRepo": "vusa",
      "RemoteRef": "main",
      "RemoteSha": "b291d8adaf1a1d4a87b37590a6a4b343901d59dd"
    },
    "vvcanvas": {
      "Package": "vvcanvas",
      "Version": "0.0.4",
      "Source": "GitHub",
      "RemoteType": "github",
      "RemoteHost": "api.github.com",
      "RemoteUsername": "vusaverse",
      "RemoteRepo": "vvcanvas",
      "RemoteRef": "main",
      "RemoteSha": "e930698704f914e67a0e9360c450e6f033d2cbc8"
    },
    "vvconverter": {
      "Package": "vvconverter",
      "Version": "0.5.9",
      "Source": "Repository"
    }
  }
}
